{
  "version": 4,
  "terraform_version": "0.12.18",
  "serial": 13,
  "lineage": "1f33c125-65ec-8500-6b08-20b757e1a06d",
  "outputs": {},
  "resources": [
    {
      "mode": "managed",
      "type": "aws_iam_role",
      "name": "iam_for_lambda",
      "provider": "provider.aws",
      "instances": [
        {
          "schema_version": 0,
          "attributes": {
            "arn": "arn:aws:iam::688783822396:role/iam_for_lambda",
            "assume_role_policy": "{\"Version\":\"2012-10-17\",\"Statement\":[{\"Sid\":\"\",\"Effect\":\"Allow\",\"Principal\":{\"Service\":\"lambda.amazonaws.com\"},\"Action\":\"sts:AssumeRole\"}]}",
            "create_date": "2020-01-03T10:51:17Z",
            "description": "",
            "force_detach_policies": false,
            "id": "iam_for_lambda",
            "max_session_duration": 3600,
            "name": "iam_for_lambda",
            "name_prefix": null,
            "path": "/",
            "permissions_boundary": null,
            "tags": {},
            "unique_id": "AROA2AXVXBY6JMQPGK3SH"
          },
          "private": "bnVsbA=="
        }
      ]
    },
    {
      "mode": "managed",
      "type": "aws_lambda_function",
      "name": "lambda-php",
      "provider": "provider.aws",
      "instances": [
        {
          "schema_version": 0,
          "attributes": {
            "arn": "arn:aws:lambda:eu-central-1:688783822396:function:ReleaseNameGenerator",
            "dead_letter_config": [],
            "description": "",
            "environment": [],
            "filename": "../lambda-function.zip",
            "function_name": "ReleaseNameGenerator",
            "handler": "lambda-function/index.php",
            "id": "ReleaseNameGenerator",
            "invoke_arn": "arn:aws:apigateway:eu-central-1:lambda:path/2015-03-31/functions/arn:aws:lambda:eu-central-1:688783822396:function:ReleaseNameGenerator/invocations",
            "kms_key_arn": "",
            "last_modified": "2020-01-03T11:41:35.562+0000",
            "layers": [
              "arn:aws:lambda:eu-central-1:209497400698:layer:php-74:1"
            ],
            "memory_size": 128,
            "publish": false,
            "qualified_arn": "arn:aws:lambda:eu-central-1:688783822396:function:ReleaseNameGenerator:$LATEST",
            "reserved_concurrent_executions": -1,
            "role": "arn:aws:iam::688783822396:role/iam_for_lambda",
            "runtime": "provided",
            "s3_bucket": null,
            "s3_key": null,
            "s3_object_version": null,
            "source_code_hash": "1QFlYfhrJ78U6RzbRIqgTsOHX/cy4g06M+t9u+7QUPQ=",
            "source_code_size": 3723596,
            "tags": {},
            "timeout": 3,
            "timeouts": null,
            "tracing_config": [
              {
                "mode": "PassThrough"
              }
            ],
            "version": "$LATEST",
            "vpc_config": []
          },
          "private": "eyJlMmJmYjczMC1lY2FhLTExZTYtOGY4OC0zNDM2M2JjN2M0YzAiOnsiY3JlYXRlIjo2MDAwMDAwMDAwMDB9fQ==",
          "dependencies": [
            "aws_iam_role.iam_for_lambda"
          ]
        }
      ]
    }
  ]
}
